
Microsoft Visual Studio Solution File, Format Version 12.00
# Visual Studio Version 16
VisualStudioVersion = 16.0.30523.141
MinimumVisualStudioVersion = 10.0.40219.1
Project("{FAE04EC0-301F-11D3-BF4B-00C04F79EFBC}") = "Lesan_Maria_Lab10.Android", "Lesan_Maria_Lab10.Android\Lesan_Maria_Lab10.Android.csproj", "{EFC52CC4-9ADE-4AE5-822F-5CB79BF99E74}"
EndProject
Project("{FAE04EC0-301F-11D3-BF4B-00C04F79EFBC}") = "Lesan_Maria_Lab10.iOS", "Lesan_Maria_Lab10.iOS\Lesan_Maria_Lab10.iOS.csproj", "{1C046E3A-08B2-4D81-BFA0-F14CCB6F07FD}"
EndProject
Project("{FAE04EC0-301F-11D3-BF4B-00C04F79EFBC}") = "Lesan_Maria_Lab10", "Lesan_Maria_Lab10\Lesan_Maria_Lab10.csproj", "{7DA5C87F-28EE-481C-9149-2A5F31D4E12A}"
EndProject
Global
	GlobalSection(SolutionConfigurationPlatforms) = preSolution
		Debug|Any CPU = Debug|Any CPU
		Debug|iPhone = Debug|iPhone
		Debug|iPhoneSimulator = Debug|iPhoneSimulator
		Release|Any CPU = Release|Any CPU
		Release|iPhone = Release|iPhone
		Release|iPhoneSimulator = Release|iPhoneSimulator
	EndGlobalSection
	GlobalSection(ProjectConfigurationPlatforms) = postSolution
		{EFC52CC4-9ADE-4AE5-822F-5CB79BF99E74}.Debug|Any CPU.ActiveCfg = Debug|Any CPU
		{EFC52CC4-9ADE-4AE5-822F-5CB79BF99E74}.Debug|Any CPU.Build.0 = Debug|Any CPU
		{EFC52CC4-9ADE-4AE5-822F-5CB79BF99E74}.Debug|Any CPU.Deploy.0 = Debug|Any CPU
		{EFC52CC4-9ADE-4AE5-822F-5CB79BF99E74}.Debug|iPhone.ActiveCfg = Debug|Any CPU
		{EFC52CC4-9ADE-4AE5-822F-5CB79BF99E74}.Debug|iPhone.Build.0 = Debug|Any CPU
		{EFC52CC4-9ADE-4AE5-822F-5CB79BF99E74}.Debug|iPhone.Deploy.0 = Debug|Any CPU
		{EFC52CC4-9ADE-4AE5-822F-5CB79BF99E74}.Debug|iPhoneSimulator.ActiveCfg = Debug|Any CPU
		{EFC52CC4-9ADE-4AE5-822F-5CB79BF99E74}.Debug|iPhoneSimulator.Build.0 = Debug|Any CPU
		{EFC52CC4-9ADE-4AE5-822F-5CB79BF99E74}.Debug|iPhoneSimulator.Deploy.0 = Debug|Any CPU
		{EFC52CC4-9ADE-4AE5-822F-5CB79BF99E74}.Release|Any CPU.ActiveCfg = Release|Any CPU
		{EFC52CC4-9ADE-4AE5-822F-5CB79BF99E74}.Release|Any CPU.Build.0 = Release|Any CPU
		{EFC52CC4-9ADE-4AE5-822F-5CB79BF99E74}.Release|Any CPU.Deploy.0 = Release|Any CPU
		{EFC52CC4-9ADE-4AE5-822F-5CB79BF99E74}.Release|iPhone.ActiveCfg = Release|Any CPU
		{EFC52CC4-9ADE-4AE5-822F-5CB79BF99E74}.Release|iPhone.Build.0 = Release|Any CPU
		{EFC52CC4-9ADE-4AE5-822F-5CB79BF99E74}.Release|iPhone.Deploy.0 = Release|Any CPU
		{EFC52CC4-9ADE-4AE5-822F-5CB79BF99E74}.Release|iPhoneSimulator.ActiveCfg = Release|Any CPU
		{EFC52CC4-9ADE-4AE5-822F-5CB79BF99E74}.Release|iPhoneSimulator.Build.0 = Release|Any CPU
		{EFC52CC4-9ADE-4AE5-822F-5CB79BF99E74}.Release|iPhoneSimulator.Deploy.0 = Release|Any CPU
		{1C046E3A-08B2-4D81-BFA0-F14CCB6F07FD}.Debug|Any CPU.ActiveCfg = Debug|iPhone
		{1C046E3A-08B2-4D81-BFA0-F14CCB6F07FD}.Debug|Any CPU.Build.0 = Debug|iPhone
		{1C046E3A-08B2-4D81-BFA0-F14CCB6F07FD}.Debug|Any CPU.Deploy.0 = Debug|iPhone
		{1C046E3A-08B2-4D81-BFA0-F14CCB6F07FD}.Debug|iPhone.ActiveCfg = Debug|iPhone
		{1C046E3A-08B2-4D81-BFA0-F14CCB6F07FD}.Debug|iPhone.Build.0 = Debug|iPhone
		{1C046E3A-08B2-4D81-BFA0-F14CCB6F07FD}.Debug|iPhone.Deploy.0 = Debug|iPhone
		{1C046E3A-08B2-4D81-BFA0-F14CCB6F07FD}.Debug|iPhoneSimulator.ActiveCfg = Debug|iPhoneSimulator
		{1C046E3A-08B2-4D81-BFA0-F14CCB6F07FD}.Debug|iPhoneSimulator.Build.0 = Debug|iPhoneSimulator
		{1C046E3A-08B2-4D81-BFA0-F14CCB6F07FD}.Debug|iPhoneSimulator.Deploy.0 = Debug|iPhoneSimulator
		{1C046E3A-08B2-4D81-BFA0-F14CCB6F07FD}.Release|Any CPU.ActiveCfg = Release|iPhoneSimulator
		{1C046E3A-08B2-4D81-BFA0-F14CCB6F07FD}.Release|Any CPU.Build.0 = Release|iPhoneSimulator
		{1C046E3A-08B2-4D81-BFA0-F14CCB6F07FD}.Release|Any CPU.Deploy.0 = Release|iPhoneSimulator
		{1C046E3A-08B2-4D81-BFA0-F14CCB6F07FD}.Release|iPhone.ActiveCfg = Release|iPhone
		{1C046E3A-08B2-4D81-BFA0-F14CCB6F07FD}.Release|iPhone.Build.0 = Release|iPhone
		{1C046E3A-08B2-4D81-BFA0-F14CCB6F07FD}.Release|iPhone.Deploy.0 = Release|iPhone
		{1C046E3A-08B2-4D81-BFA0-F14CCB6F07FD}.Release|iPhoneSimulator.ActiveCfg = Release|iPhoneSimulator
		{1C046E3A-08B2-4D81-BFA0-F14CCB6F07FD}.Release|iPhoneSimulator.Build.0 = Release|iPhoneSimulator
		{1C046E3A-08B2-4D81-BFA0-F14CCB6F07FD}.Release|iPhoneSimulator.Deploy.0 = Release|iPhoneSimulator
		{7DA5C87F-28EE-481C-9149-2A5F31D4E12A}.Debug|Any CPU.ActiveCfg = Debug|Any CPU
		{7DA5C87F-28EE-481C-9149-2A5F31D4E12A}.Debug|Any CPU.Build.0 = Debug|Any CPU
		{7DA5C87F-28EE-481C-9149-2A5F31D4E12A}.Debug|Any CPU.Deploy.0 = Debug|Any CPU
		{7DA5C87F-28EE-481C-9149-2A5F31D4E12A}.Debug|iPhone.ActiveCfg = Debug|Any CPU
		{7DA5C87F-28EE-481C-9149-2A5F31D4E12A}.Debug|iPhone.Build.0 = Debug|Any CPU
		{7DA5C87F-28EE-481C-9149-2A5F31D4E12A}.Debug|iPhone.Deploy.0 = Debug|Any CPU
		{7DA5C87F-28EE-481C-9149-2A5F31D4E12A}.Debug|iPhoneSimulator.ActiveCfg = Debug|Any CPU
		{7DA5C87F-28EE-481C-9149-2A5F31D4E12A}.Debug|iPhoneSimulator.Build.0 = Debug|Any CPU
		{7DA5C87F-28EE-481C-9149-2A5F31D4E12A}.Debug|iPhoneSimulator.Deploy.0 = Debug|Any CPU
		{7DA5C87F-28EE-481C-9149-2A5F31D4E12A}.Release|Any CPU.ActiveCfg = Release|Any CPU
		{7DA5C87F-28EE-481C-9149-2A5F31D4E12A}.Release|Any CPU.Build.0 = Release|Any CPU
		{7DA5C87F-28EE-481C-9149-2A5F31D4E12A}.Release|Any CPU.Deploy.0 = Release|Any CPU
		{7DA5C87F-28EE-481C-9149-2A5F31D4E12A}.Release|iPhone.ActiveCfg = Release|Any CPU
		{7DA5C87F-28EE-481C-9149-2A5F31D4E12A}.Release|iPhone.Build.0 = Release|Any CPU
		{7DA5C87F-28EE-481C-9149-2A5F31D4E12A}.Release|iPhone.Deploy.0 = Release|Any CPU
		{7DA5C87F-28EE-481C-9149-2A5F31D4E12A}.Release|iPhoneSimulator.ActiveCfg = Release|Any CPU
		{7DA5C87F-28EE-481C-9149-2A5F31D4E12A}.Release|iPhoneSimulator.Build.0 = Release|Any CPU
		{7DA5C87F-28EE-481C-9149-2A5F31D4E12A}.Release|iPhoneSimulator.Deploy.0 = Release|Any CPU
	EndGlobalSection
	GlobalSection(SolutionProperties) = preSolution
		HideSolutionNode = FALSE
	EndGlobalSection
	GlobalSection(ExtensibilityGlobals) = postSolution
		SolutionGuid = {337B794D-064F-4D79-A8F9-16063E019FDB}
	EndGlobalSection
EndGlobal
